
Microsoft Visual Studio Solution File, Format Version 12.00
# Visual Studio Version 17
VisualStudioVersion = 17.0.31903.59
MinimumVisualStudioVersion = 10.0.40219.1
Project("{F2A71F9B-5D33-465A-A702-920D77279786}") = "Client", "src\Client\Client.fsproj", "{D011D5DC-3C15-4319-AFA3-6A7618BA3CBB}"
EndProject
Project("{F2A71F9B-5D33-465A-A702-920D77279786}") = "Shared", "src\Shared\Shared.fsproj", "{7740D79A-5075-468A-8BF5-7C26F30016AE}"
EndProject
Project("{F2A71F9B-5D33-465A-A702-920D77279786}") = "Server", "src\Server\Server.fsproj", "{686A69F9-F37A-4E9E-972A-6896113BCA14}"
EndProject
Project("{F2A71F9B-5D33-465A-A702-920D77279786}") = "build", "build\build.fsproj", "{0806CDF1-726A-414C-A159-7AAEA70C3E43}"
EndProject
Global
	GlobalSection(SolutionConfigurationPlatforms) = preSolution
		Debug|Any CPU = Debug|Any CPU
		Release|Any CPU = Release|Any CPU
	EndGlobalSection
	GlobalSection(SolutionProperties) = preSolution
		HideSolutionNode = FALSE
	EndGlobalSection
	GlobalSection(ProjectConfigurationPlatforms) = postSolution
		{D011D5DC-3C15-4319-AFA3-6A7618BA3CBB}.Debug|Any CPU.ActiveCfg = Debug|Any CPU
		{D011D5DC-3C15-4319-AFA3-6A7618BA3CBB}.Debug|Any CPU.Build.0 = Debug|Any CPU
		{D011D5DC-3C15-4319-AFA3-6A7618BA3CBB}.Release|Any CPU.ActiveCfg = Release|Any CPU
		{D011D5DC-3C15-4319-AFA3-6A7618BA3CBB}.Release|Any CPU.Build.0 = Release|Any CPU
		{7740D79A-5075-468A-8BF5-7C26F30016AE}.Debug|Any CPU.ActiveCfg = Debug|Any CPU
		{7740D79A-5075-468A-8BF5-7C26F30016AE}.Debug|Any CPU.Build.0 = Debug|Any CPU
		{7740D79A-5075-468A-8BF5-7C26F30016AE}.Release|Any CPU.ActiveCfg = Release|Any CPU
		{7740D79A-5075-468A-8BF5-7C26F30016AE}.Release|Any CPU.Build.0 = Release|Any CPU
		{686A69F9-F37A-4E9E-972A-6896113BCA14}.Debug|Any CPU.ActiveCfg = Debug|Any CPU
		{686A69F9-F37A-4E9E-972A-6896113BCA14}.Debug|Any CPU.Build.0 = Debug|Any CPU
		{686A69F9-F37A-4E9E-972A-6896113BCA14}.Release|Any CPU.ActiveCfg = Release|Any CPU
		{686A69F9-F37A-4E9E-972A-6896113BCA14}.Release|Any CPU.Build.0 = Release|Any CPU
		{0806CDF1-726A-414C-A159-7AAEA70C3E43}.Debug|Any CPU.ActiveCfg = Debug|Any CPU
		{0806CDF1-726A-414C-A159-7AAEA70C3E43}.Debug|Any CPU.Build.0 = Debug|Any CPU
		{0806CDF1-726A-414C-A159-7AAEA70C3E43}.Release|Any CPU.ActiveCfg = Release|Any CPU
		{0806CDF1-726A-414C-A159-7AAEA70C3E43}.Release|Any CPU.Build.0 = Release|Any CPU
	EndGlobalSection
	GlobalSection(NestedProjects) = preSolution
	EndGlobalSection
EndGlobal
